
Microsoft Visual Studio Solution File, Format Version 12.00
# Visual Studio 14
VisualStudioVersion = 14.0.25420.1
MinimumVisualStudioVersion = 10.0.40219.1
Project("{FAE04EC0-301F-11D3-BF4B-00C04F79EFBC}") = "INRTracker", "INRTracker\INRTracker.csproj", "{5D1205DE-D9FE-4F06-BCAC-4255E24406B0}"
EndProject
Project("{2150E333-8FDC-42A3-9474-1A3956D46DE8}") = "Solution Items", "Solution Items", "{2DB648B1-0120-4A86-8FD7-98644ECE0475}"
	ProjectSection(SolutionItems) = preProject
		.gitattributes = .gitattributes
		.gitignore = .gitignore
		LICENSE.md = LICENSE.md
		README.md = README.md
	EndProjectSection
EndProject
Project("{FAE04EC0-301F-11D3-BF4B-00C04F79EFBC}") = "INRTracker.Tests", "INRTracker.Tests\INRTracker.Tests.csproj", "{D5C07A67-C0AA-4053-BFA5-DBD9CBA372DC}"
EndProject
Global
	GlobalSection(SolutionConfigurationPlatforms) = preSolution
		Debug|Any CPU = Debug|Any CPU
		Release|Any CPU = Release|Any CPU
	EndGlobalSection
	GlobalSection(ProjectConfigurationPlatforms) = postSolution
		{5D1205DE-D9FE-4F06-BCAC-4255E24406B0}.Debug|Any CPU.ActiveCfg = Debug|Any CPU
		{5D1205DE-D9FE-4F06-BCAC-4255E24406B0}.Debug|Any CPU.Build.0 = Debug|Any CPU
		{5D1205DE-D9FE-4F06-BCAC-4255E24406B0}.Release|Any CPU.ActiveCfg = Release|Any CPU
		{5D1205DE-D9FE-4F06-BCAC-4255E24406B0}.Release|Any CPU.Build.0 = Release|Any CPU
		{D5C07A67-C0AA-4053-BFA5-DBD9CBA372DC}.Debug|Any CPU.ActiveCfg = Debug|Any CPU
		{D5C07A67-C0AA-4053-BFA5-DBD9CBA372DC}.Debug|Any CPU.Build.0 = Debug|Any CPU
		{D5C07A67-C0AA-4053-BFA5-DBD9CBA372DC}.Release|Any CPU.ActiveCfg = Release|Any CPU
		{D5C07A67-C0AA-4053-BFA5-DBD9CBA372DC}.Release|Any CPU.Build.0 = Release|Any CPU
	EndGlobalSection
	GlobalSection(SolutionProperties) = preSolution
		HideSolutionNode = FALSE
	EndGlobalSection
EndGlobal
